
Microsoft Visual Studio Solution File, Format Version 12.00
# Visual Studio Version 16
VisualStudioVersion = 16.0.30804.86
MinimumVisualStudioVersion = 10.0.40219.1
Project("{9A19103F-16F7-4668-BE54-9A1E7A4F7556}") = "EasySoccer.WebApi", "EasySoccer.WebApi\EasySoccer.WebApi.csproj", "{176037AB-73F8-42B3-9521-E693ED66AD1A}"
EndProject
Project("{2150E333-8FDC-42A3-9474-1A3956D46DE8}") = "DAL", "DAL", "{3EF3F4C8-64F3-46CA-9517-502B91D7EC81}"
EndProject
Project("{9A19103F-16F7-4668-BE54-9A1E7A4F7556}") = "EasySoccer.Entities", "EasySoccer.Entities\EasySoccer.Entities.csproj", "{7F070D2C-7AE2-4805-A26C-CE871BC8F87F}"
EndProject
Project("{9A19103F-16F7-4668-BE54-9A1E7A4F7556}") = "EasySoccer.DAL", "EasySoccer.DAL\EasySoccer.DAL.csproj", "{B595CFB5-4266-45F4-924A-C0AF76BD7250}"
EndProject
Project("{9A19103F-16F7-4668-BE54-9A1E7A4F7556}") = "EasySoccer.DAL.Infra", "EasySoccer.DAL.Infra\EasySoccer.DAL.Infra.csproj", "{D2810E37-9877-4571-B310-AA346724A87B}"
EndProject
Project("{2150E333-8FDC-42A3-9474-1A3956D46DE8}") = "BLL", "BLL", "{1A3A08FD-E151-4A50-AD48-82CD94FC3861}"
EndProject
Project("{9A19103F-16F7-4668-BE54-9A1E7A4F7556}") = "EasySoccer.BLL", "EasySoccer.BLL\EasySoccer.BLL.csproj", "{2F8C11C9-2043-420C-9090-74FB943DC9DA}"
EndProject
Project("{9A19103F-16F7-4668-BE54-9A1E7A4F7556}") = "EasySoccer.BLL.Infra", "EasySoccer.BLL.Infra\EasySoccer.BLL.Infra.csproj", "{72F1F0B2-B5AC-4DCD-846C-53E312FA2288}"
EndProject
Project("{2150E333-8FDC-42A3-9474-1A3956D46DE8}") = "Azure Web Job", "Azure Web Job", "{E4F96864-2CF5-419E-BCC6-21ABD17389B0}"
EndProject
Project("{9A19103F-16F7-4668-BE54-9A1E7A4F7556}") = "EasySoccer.WebJob", "EasySoccer.WebJob\EasySoccer.WebJob.csproj", "{0B56087F-3D61-4B7D-8A1A-79EC3E1AEEEB}"
EndProject
Project("{2150E333-8FDC-42A3-9474-1A3956D46DE8}") = "UnitTest", "UnitTest", "{E46450D4-F8A8-4C74-8CCD-8A6F18388B02}"
EndProject
Project("{FAE04EC0-301F-11D3-BF4B-00C04F79EFBC}") = "EasySoccer.NUnitTests", "EasySoccer.NUnitTests\EasySoccer.NUnitTests.csproj", "{3396E47A-3E37-44B8-9A48-F6883ED94CB4}"
EndProject
Global
	GlobalSection(SolutionConfigurationPlatforms) = preSolution
		Debug|Any CPU = Debug|Any CPU
		Release|Any CPU = Release|Any CPU
	EndGlobalSection
	GlobalSection(ProjectConfigurationPlatforms) = postSolution
		{176037AB-73F8-42B3-9521-E693ED66AD1A}.Debug|Any CPU.ActiveCfg = Debug|Any CPU
		{176037AB-73F8-42B3-9521-E693ED66AD1A}.Debug|Any CPU.Build.0 = Debug|Any CPU
		{176037AB-73F8-42B3-9521-E693ED66AD1A}.Release|Any CPU.ActiveCfg = Release|Any CPU
		{176037AB-73F8-42B3-9521-E693ED66AD1A}.Release|Any CPU.Build.0 = Release|Any CPU
		{7F070D2C-7AE2-4805-A26C-CE871BC8F87F}.Debug|Any CPU.ActiveCfg = Debug|Any CPU
		{7F070D2C-7AE2-4805-A26C-CE871BC8F87F}.Debug|Any CPU.Build.0 = Debug|Any CPU
		{7F070D2C-7AE2-4805-A26C-CE871BC8F87F}.Release|Any CPU.ActiveCfg = Release|Any CPU
		{7F070D2C-7AE2-4805-A26C-CE871BC8F87F}.Release|Any CPU.Build.0 = Release|Any CPU
		{B595CFB5-4266-45F4-924A-C0AF76BD7250}.Debug|Any CPU.ActiveCfg = Debug|Any CPU
		{B595CFB5-4266-45F4-924A-C0AF76BD7250}.Debug|Any CPU.Build.0 = Debug|Any CPU
		{B595CFB5-4266-45F4-924A-C0AF76BD7250}.Release|Any CPU.ActiveCfg = Release|Any CPU
		{B595CFB5-4266-45F4-924A-C0AF76BD7250}.Release|Any CPU.Build.0 = Release|Any CPU
		{D2810E37-9877-4571-B310-AA346724A87B}.Debug|Any CPU.ActiveCfg = Debug|Any CPU
		{D2810E37-9877-4571-B310-AA346724A87B}.Debug|Any CPU.Build.0 = Debug|Any CPU
		{D2810E37-9877-4571-B310-AA346724A87B}.Release|Any CPU.ActiveCfg = Release|Any CPU
		{D2810E37-9877-4571-B310-AA346724A87B}.Release|Any CPU.Build.0 = Release|Any CPU
		{2F8C11C9-2043-420C-9090-74FB943DC9DA}.Debug|Any CPU.ActiveCfg = Debug|Any CPU
		{2F8C11C9-2043-420C-9090-74FB943DC9DA}.Debug|Any CPU.Build.0 = Debug|Any CPU
		{2F8C11C9-2043-420C-9090-74FB943DC9DA}.Release|Any CPU.ActiveCfg = Release|Any CPU
		{2F8C11C9-2043-420C-9090-74FB943DC9DA}.Release|Any CPU.Build.0 = Release|Any CPU
		{72F1F0B2-B5AC-4DCD-846C-53E312FA2288}.Debug|Any CPU.ActiveCfg = Debug|Any CPU
		{72F1F0B2-B5AC-4DCD-846C-53E312FA2288}.Debug|Any CPU.Build.0 = Debug|Any CPU
		{72F1F0B2-B5AC-4DCD-846C-53E312FA2288}.Release|Any CPU.ActiveCfg = Release|Any CPU
		{72F1F0B2-B5AC-4DCD-846C-53E312FA2288}.Release|Any CPU.Build.0 = Release|Any CPU
		{0B56087F-3D61-4B7D-8A1A-79EC3E1AEEEB}.Debug|Any CPU.ActiveCfg = Debug|Any CPU
		{0B56087F-3D61-4B7D-8A1A-79EC3E1AEEEB}.Debug|Any CPU.Build.0 = Debug|Any CPU
		{0B56087F-3D61-4B7D-8A1A-79EC3E1AEEEB}.Release|Any CPU.ActiveCfg = Release|Any CPU
		{0B56087F-3D61-4B7D-8A1A-79EC3E1AEEEB}.Release|Any CPU.Build.0 = Release|Any CPU
		{3396E47A-3E37-44B8-9A48-F6883ED94CB4}.Debug|Any CPU.ActiveCfg = Debug|Any CPU
		{3396E47A-3E37-44B8-9A48-F6883ED94CB4}.Debug|Any CPU.Build.0 = Debug|Any CPU
		{3396E47A-3E37-44B8-9A48-F6883ED94CB4}.Release|Any CPU.ActiveCfg = Release|Any CPU
		{3396E47A-3E37-44B8-9A48-F6883ED94CB4}.Release|Any CPU.Build.0 = Release|Any CPU
	EndGlobalSection
	GlobalSection(SolutionProperties) = preSolution
		HideSolutionNode = FALSE
	EndGlobalSection
	GlobalSection(NestedProjects) = preSolution
		{7F070D2C-7AE2-4805-A26C-CE871BC8F87F} = {3EF3F4C8-64F3-46CA-9517-502B91D7EC81}
		{B595CFB5-4266-45F4-924A-C0AF76BD7250} = {3EF3F4C8-64F3-46CA-9517-502B91D7EC81}
		{D2810E37-9877-4571-B310-AA346724A87B} = {3EF3F4C8-64F3-46CA-9517-502B91D7EC81}
		{2F8C11C9-2043-420C-9090-74FB943DC9DA} = {1A3A08FD-E151-4A50-AD48-82CD94FC3861}
		{72F1F0B2-B5AC-4DCD-846C-53E312FA2288} = {1A3A08FD-E151-4A50-AD48-82CD94FC3861}
		{0B56087F-3D61-4B7D-8A1A-79EC3E1AEEEB} = {E4F96864-2CF5-419E-BCC6-21ABD17389B0}
		{3396E47A-3E37-44B8-9A48-F6883ED94CB4} = {E46450D4-F8A8-4C74-8CCD-8A6F18388B02}
	EndGlobalSection
	GlobalSection(ExtensibilityGlobals) = postSolution
		SolutionGuid = {C4CD804F-446C-4F85-84BD-42C1B79ABA49}
	EndGlobalSection
EndGlobal
