
Microsoft Visual Studio Solution File, Format Version 12.00
# Visual Studio 15
VisualStudioVersion = 15.0.27428.2027
MinimumVisualStudioVersion = 10.0.40219.1
Project("{FAE04EC0-301F-11D3-BF4B-00C04F79EFBC}") = "EasySoccer.WebApi", "EasySoccer.WebApi\EasySoccer.WebApi.csproj", "{176037AB-73F8-42B3-9521-E693ED66AD1A}"
EndProject
Global
	GlobalSection(SolutionConfigurationPlatforms) = preSolution
		Debug|Any CPU = Debug|Any CPU
		Release|Any CPU = Release|Any CPU
	EndGlobalSection
	GlobalSection(ProjectConfigurationPlatforms) = postSolution
		{176037AB-73F8-42B3-9521-E693ED66AD1A}.Debug|Any CPU.ActiveCfg = Debug|Any CPU
		{176037AB-73F8-42B3-9521-E693ED66AD1A}.Debug|Any CPU.Build.0 = Debug|Any CPU
		{176037AB-73F8-42B3-9521-E693ED66AD1A}.Release|Any CPU.ActiveCfg = Release|Any CPU
		{176037AB-73F8-42B3-9521-E693ED66AD1A}.Release|Any CPU.Build.0 = Release|Any CPU
	EndGlobalSection
	GlobalSection(SolutionProperties) = preSolution
		HideSolutionNode = FALSE
	EndGlobalSection
	GlobalSection(ExtensibilityGlobals) = postSolution
		SolutionGuid = {C4CD804F-446C-4F85-84BD-42C1B79ABA49}
	EndGlobalSection
EndGlobal
